
Microsoft Visual Studio Solution File, Format Version 12.00
# Visual Studio 15
VisualStudioVersion = 15.0.27130.2027
MinimumVisualStudioVersion = 10.0.40219.1
Project("{9A19103F-16F7-4668-BE54-9A1E7A4F7556}") = "1", "1\1.csproj", "{1449FB4E-A28C-4C44-B396-4FDFDAC0A9D8}"
EndProject
Project("{9A19103F-16F7-4668-BE54-9A1E7A4F7556}") = "2", "2\2.csproj", "{71FB5747-0588-4167-96FD-08A50103A7D9}"
EndProject
Project("{9A19103F-16F7-4668-BE54-9A1E7A4F7556}") = "3", "3\3.csproj", "{99B5846A-7C7D-4C8F-8E83-7F58744D3D11}"
EndProject
Project("{9A19103F-16F7-4668-BE54-9A1E7A4F7556}") = "4", "4\4.csproj", "{F79322CF-A25C-4F1F-B48A-DF75A1B5CD4C}"
EndProject
Project("{9A19103F-16F7-4668-BE54-9A1E7A4F7556}") = "5", "5\5.csproj", "{88380E70-C45A-4222-9762-5B59D7D5E951}"
EndProject
Project("{FAE04EC0-301F-11D3-BF4B-00C04F79EFBC}") = "6", "6\6.csproj", "{77E25C92-CD84-45F6-8320-8DE382D50679}"
EndProject
Global
	GlobalSection(SolutionConfigurationPlatforms) = preSolution
		Debug|Any CPU = Debug|Any CPU
		Release|Any CPU = Release|Any CPU
	EndGlobalSection
	GlobalSection(ProjectConfigurationPlatforms) = postSolution
		{1449FB4E-A28C-4C44-B396-4FDFDAC0A9D8}.Debug|Any CPU.ActiveCfg = Debug|Any CPU
		{1449FB4E-A28C-4C44-B396-4FDFDAC0A9D8}.Debug|Any CPU.Build.0 = Debug|Any CPU
		{1449FB4E-A28C-4C44-B396-4FDFDAC0A9D8}.Release|Any CPU.ActiveCfg = Release|Any CPU
		{1449FB4E-A28C-4C44-B396-4FDFDAC0A9D8}.Release|Any CPU.Build.0 = Release|Any CPU
		{71FB5747-0588-4167-96FD-08A50103A7D9}.Debug|Any CPU.ActiveCfg = Debug|Any CPU
		{71FB5747-0588-4167-96FD-08A50103A7D9}.Debug|Any CPU.Build.0 = Debug|Any CPU
		{71FB5747-0588-4167-96FD-08A50103A7D9}.Release|Any CPU.ActiveCfg = Release|Any CPU
		{71FB5747-0588-4167-96FD-08A50103A7D9}.Release|Any CPU.Build.0 = Release|Any CPU
		{99B5846A-7C7D-4C8F-8E83-7F58744D3D11}.Debug|Any CPU.ActiveCfg = Debug|Any CPU
		{99B5846A-7C7D-4C8F-8E83-7F58744D3D11}.Debug|Any CPU.Build.0 = Debug|Any CPU
		{99B5846A-7C7D-4C8F-8E83-7F58744D3D11}.Release|Any CPU.ActiveCfg = Release|Any CPU
		{99B5846A-7C7D-4C8F-8E83-7F58744D3D11}.Release|Any CPU.Build.0 = Release|Any CPU
		{F79322CF-A25C-4F1F-B48A-DF75A1B5CD4C}.Debug|Any CPU.ActiveCfg = Debug|Any CPU
		{F79322CF-A25C-4F1F-B48A-DF75A1B5CD4C}.Debug|Any CPU.Build.0 = Debug|Any CPU
		{F79322CF-A25C-4F1F-B48A-DF75A1B5CD4C}.Release|Any CPU.ActiveCfg = Release|Any CPU
		{F79322CF-A25C-4F1F-B48A-DF75A1B5CD4C}.Release|Any CPU.Build.0 = Release|Any CPU
		{88380E70-C45A-4222-9762-5B59D7D5E951}.Debug|Any CPU.ActiveCfg = Debug|Any CPU
		{88380E70-C45A-4222-9762-5B59D7D5E951}.Debug|Any CPU.Build.0 = Debug|Any CPU
		{88380E70-C45A-4222-9762-5B59D7D5E951}.Release|Any CPU.ActiveCfg = Release|Any CPU
		{88380E70-C45A-4222-9762-5B59D7D5E951}.Release|Any CPU.Build.0 = Release|Any CPU
		{77E25C92-CD84-45F6-8320-8DE382D50679}.Debug|Any CPU.ActiveCfg = Debug|Any CPU
		{77E25C92-CD84-45F6-8320-8DE382D50679}.Debug|Any CPU.Build.0 = Debug|Any CPU
		{77E25C92-CD84-45F6-8320-8DE382D50679}.Release|Any CPU.ActiveCfg = Release|Any CPU
		{77E25C92-CD84-45F6-8320-8DE382D50679}.Release|Any CPU.Build.0 = Release|Any CPU
	EndGlobalSection
	GlobalSection(SolutionProperties) = preSolution
		HideSolutionNode = FALSE
	EndGlobalSection
	GlobalSection(ExtensibilityGlobals) = postSolution
		SolutionGuid = {B61917B7-730F-4717-B4C7-AD07F8F7F3B6}
	EndGlobalSection
EndGlobal
